# This file is automatically @generated by Cargo.
# It is not intended for manual editing.
version = 3

[[package]]
name = "tpt-fab"
version = "0.1.0"
dependencies = [
 "tpt-fab-litho",
]

[[package]]
name = "tpt-fab-aggregate"
version = "0.1.0"

[[package]]
name = "tpt-fab-litho"
version = "0.1.0"

[[package]]
name = "tpt-fab-process"
version = "0.1.0"
dependencies = [
 "tpt-fab",
 "tpt-fab-aggregate",
 "tpt-fab-litho",
]
